
Microsoft Visual Studio Solution File, Format Version 12.00
# Visual Studio Version 17
VisualStudioVersion = 17.0.31903.59
MinimumVisualStudioVersion = 10.0.40219.1
Project("{FAE04EC0-301F-11D3-BF4B-00C04F79EFBC}") = "MinecraftClone", "MinecraftClone\MinecraftClone.csproj", "{E66894AB-1437-4ADA-9DE1-DCC5CAE5313E}"
EndProject
Project("{FAE04EC0-301F-11D3-BF4B-00C04F79EFBC}") = "Flamui", "..\flamui\Flamui\Flamui.csproj", "{2E118596-6AA5-467E-857E-6532DC36F78B}"
EndProject
Global
	GlobalSection(SolutionConfigurationPlatforms) = preSolution
		Debug|Any CPU = Debug|Any CPU
		Release|Any CPU = Release|Any CPU
	EndGlobalSection
	GlobalSection(SolutionProperties) = preSolution
		HideSolutionNode = FALSE
	EndGlobalSection
	GlobalSection(ProjectConfigurationPlatforms) = postSolution
		{E66894AB-1437-4ADA-9DE1-DCC5CAE5313E}.Debug|Any CPU.ActiveCfg = Debug|Any CPU
		{E66894AB-1437-4ADA-9DE1-DCC5CAE5313E}.Debug|Any CPU.Build.0 = Debug|Any CPU
		{E66894AB-1437-4ADA-9DE1-DCC5CAE5313E}.Release|Any CPU.ActiveCfg = Release|Any CPU
		{E66894AB-1437-4ADA-9DE1-DCC5CAE5313E}.Release|Any CPU.Build.0 = Release|Any CPU
		{2E118596-6AA5-467E-857E-6532DC36F78B}.Debug|Any CPU.ActiveCfg = Debug|Any CPU
		{2E118596-6AA5-467E-857E-6532DC36F78B}.Debug|Any CPU.Build.0 = Debug|Any CPU
		{2E118596-6AA5-467E-857E-6532DC36F78B}.Release|Any CPU.ActiveCfg = Release|Any CPU
		{2E118596-6AA5-467E-857E-6532DC36F78B}.Release|Any CPU.Build.0 = Release|Any CPU
	EndGlobalSection
EndGlobal
